
Microsoft Visual Studio Solution File, Format Version 12.00
# Visual Studio Version 17
VisualStudioVersion = 17.7.34221.43
MinimumVisualStudioVersion = 10.0.40219.1
Project("{9A19103F-16F7-4668-BE54-9A1E7A4F7556}") = "BankAccount", "BankAccount\BankAccount.csproj", "{135B38E3-53AA-43EE-AE50-22E6F58F9A3B}"
EndProject
Project("{9A19103F-16F7-4668-BE54-9A1E7A4F7556}") = "CourseManager", "WinFormsApp1\CourseManager.csproj", "{559374E2-8D0C-4C76-AEEB-C7C5DF341AEC}"
EndProject
Project("{9A19103F-16F7-4668-BE54-9A1E7A4F7556}") = "CarApp", "CarApp\CarApp.csproj", "{DA84A2B7-75EE-40EF-B63F-354FA5968C27}"
EndProject
Global
	GlobalSection(SolutionConfigurationPlatforms) = preSolution
		Debug|Any CPU = Debug|Any CPU
		Release|Any CPU = Release|Any CPU
	EndGlobalSection
	GlobalSection(ProjectConfigurationPlatforms) = postSolution
		{135B38E3-53AA-43EE-AE50-22E6F58F9A3B}.Debug|Any CPU.ActiveCfg = Debug|Any CPU
		{135B38E3-53AA-43EE-AE50-22E6F58F9A3B}.Debug|Any CPU.Build.0 = Debug|Any CPU
		{135B38E3-53AA-43EE-AE50-22E6F58F9A3B}.Release|Any CPU.ActiveCfg = Release|Any CPU
		{135B38E3-53AA-43EE-AE50-22E6F58F9A3B}.Release|Any CPU.Build.0 = Release|Any CPU
		{559374E2-8D0C-4C76-AEEB-C7C5DF341AEC}.Debug|Any CPU.ActiveCfg = Debug|Any CPU
		{559374E2-8D0C-4C76-AEEB-C7C5DF341AEC}.Debug|Any CPU.Build.0 = Debug|Any CPU
		{559374E2-8D0C-4C76-AEEB-C7C5DF341AEC}.Release|Any CPU.ActiveCfg = Release|Any CPU
		{559374E2-8D0C-4C76-AEEB-C7C5DF341AEC}.Release|Any CPU.Build.0 = Release|Any CPU
		{DA84A2B7-75EE-40EF-B63F-354FA5968C27}.Debug|Any CPU.ActiveCfg = Debug|Any CPU
		{DA84A2B7-75EE-40EF-B63F-354FA5968C27}.Debug|Any CPU.Build.0 = Debug|Any CPU
		{DA84A2B7-75EE-40EF-B63F-354FA5968C27}.Release|Any CPU.ActiveCfg = Release|Any CPU
		{DA84A2B7-75EE-40EF-B63F-354FA5968C27}.Release|Any CPU.Build.0 = Release|Any CPU
	EndGlobalSection
	GlobalSection(SolutionProperties) = preSolution
		HideSolutionNode = FALSE
	EndGlobalSection
	GlobalSection(ExtensibilityGlobals) = postSolution
		SolutionGuid = {E2236C09-707D-4A10-A3EB-5316AE0D6D83}
	EndGlobalSection
EndGlobal
