
Microsoft Visual Studio Solution File, Format Version 12.00
# Visual Studio Version 17
VisualStudioVersion = 17.7.34221.43
MinimumVisualStudioVersion = 10.0.40219.1
Project("{9A19103F-16F7-4668-BE54-9A1E7A4F7556}") = "RandomMovingCar", "RandomMovingCar\RandomMovingCar.csproj", "{DD110E47-5D8C-44EE-B881-8BA1098D1023}"
EndProject
Project("{FAE04EC0-301F-11D3-BF4B-00C04F79EFBC}") = "DiceRolling", "DiceRolling\DiceRolling.csproj", "{ECBA00DA-8314-4770-A8C4-2DB817077508}"
EndProject
Project("{FAE04EC0-301F-11D3-BF4B-00C04F79EFBC}") = "Lottery", "Lottery\Lottery.csproj", "{14894CEC-727A-4379-B1E6-85D80666DCE1}"
EndProject
Global
	GlobalSection(SolutionConfigurationPlatforms) = preSolution
		Debug|Any CPU = Debug|Any CPU
		Release|Any CPU = Release|Any CPU
	EndGlobalSection
	GlobalSection(ProjectConfigurationPlatforms) = postSolution
		{DD110E47-5D8C-44EE-B881-8BA1098D1023}.Debug|Any CPU.ActiveCfg = Debug|Any CPU
		{DD110E47-5D8C-44EE-B881-8BA1098D1023}.Debug|Any CPU.Build.0 = Debug|Any CPU
		{DD110E47-5D8C-44EE-B881-8BA1098D1023}.Release|Any CPU.ActiveCfg = Release|Any CPU
		{DD110E47-5D8C-44EE-B881-8BA1098D1023}.Release|Any CPU.Build.0 = Release|Any CPU
		{ECBA00DA-8314-4770-A8C4-2DB817077508}.Debug|Any CPU.ActiveCfg = Debug|Any CPU
		{ECBA00DA-8314-4770-A8C4-2DB817077508}.Debug|Any CPU.Build.0 = Debug|Any CPU
		{ECBA00DA-8314-4770-A8C4-2DB817077508}.Release|Any CPU.ActiveCfg = Release|Any CPU
		{ECBA00DA-8314-4770-A8C4-2DB817077508}.Release|Any CPU.Build.0 = Release|Any CPU
		{14894CEC-727A-4379-B1E6-85D80666DCE1}.Debug|Any CPU.ActiveCfg = Debug|Any CPU
		{14894CEC-727A-4379-B1E6-85D80666DCE1}.Debug|Any CPU.Build.0 = Debug|Any CPU
		{14894CEC-727A-4379-B1E6-85D80666DCE1}.Release|Any CPU.ActiveCfg = Release|Any CPU
		{14894CEC-727A-4379-B1E6-85D80666DCE1}.Release|Any CPU.Build.0 = Release|Any CPU
	EndGlobalSection
	GlobalSection(SolutionProperties) = preSolution
		HideSolutionNode = FALSE
	EndGlobalSection
	GlobalSection(ExtensibilityGlobals) = postSolution
		SolutionGuid = {D556CD8D-6001-46E5-B1FF-9AD39E60B8E8}
	EndGlobalSection
EndGlobal
